
Microsoft Visual Studio Solution File, Format Version 12.00
# Visual Studio Version 17
VisualStudioVersion = 17.11.35327.3
MinimumVisualStudioVersion = 10.0.40219.1
Project("{8BC9CEB8-8B4A-11D0-8D11-00A0C91BC942}") = "Алгоритм Бойера-Мура-Хорспула", "Алгоритм Бойера-Мура-Хорспула.vcxproj", "{4B3E92C2-3905-4C86-B380-819B03612C39}"
EndProject
Global
	GlobalSection(SolutionConfigurationPlatforms) = preSolution
		Debug|x64 = Debug|x64
		Debug|x86 = Debug|x86
		Release|x64 = Release|x64
		Release|x86 = Release|x86
	EndGlobalSection
	GlobalSection(ProjectConfigurationPlatforms) = postSolution
		{4B3E92C2-3905-4C86-B380-819B03612C39}.Debug|x64.ActiveCfg = Debug|x64
		{4B3E92C2-3905-4C86-B380-819B03612C39}.Debug|x64.Build.0 = Debug|x64
		{4B3E92C2-3905-4C86-B380-819B03612C39}.Debug|x86.ActiveCfg = Debug|Win32
		{4B3E92C2-3905-4C86-B380-819B03612C39}.Debug|x86.Build.0 = Debug|Win32
		{4B3E92C2-3905-4C86-B380-819B03612C39}.Release|x64.ActiveCfg = Release|x64
		{4B3E92C2-3905-4C86-B380-819B03612C39}.Release|x64.Build.0 = Release|x64
		{4B3E92C2-3905-4C86-B380-819B03612C39}.Release|x86.ActiveCfg = Release|Win32
		{4B3E92C2-3905-4C86-B380-819B03612C39}.Release|x86.Build.0 = Release|Win32
	EndGlobalSection
	GlobalSection(SolutionProperties) = preSolution
		HideSolutionNode = FALSE
	EndGlobalSection
	GlobalSection(ExtensibilityGlobals) = postSolution
		SolutionGuid = {0F81F2A3-440F-41B2-B85E-3C7CE338799F}
	EndGlobalSection
EndGlobal
