
Microsoft Visual Studio Solution File, Format Version 12.00
# Visual Studio Version 17
VisualStudioVersion = 17.11.35327.3
MinimumVisualStudioVersion = 10.0.40219.1
Project("{8BC9CEB8-8B4A-11D0-8D11-00A0C91BC942}") = "Сортировка Шелла", "Сортировка Шелла.vcxproj", "{CEA49CC1-642E-4A31-86D3-3163AE8A9FB6}"
EndProject
Global
	GlobalSection(SolutionConfigurationPlatforms) = preSolution
		Debug|x64 = Debug|x64
		Debug|x86 = Debug|x86
		Release|x64 = Release|x64
		Release|x86 = Release|x86
	EndGlobalSection
	GlobalSection(ProjectConfigurationPlatforms) = postSolution
		{CEA49CC1-642E-4A31-86D3-3163AE8A9FB6}.Debug|x64.ActiveCfg = Debug|x64
		{CEA49CC1-642E-4A31-86D3-3163AE8A9FB6}.Debug|x64.Build.0 = Debug|x64
		{CEA49CC1-642E-4A31-86D3-3163AE8A9FB6}.Debug|x86.ActiveCfg = Debug|Win32
		{CEA49CC1-642E-4A31-86D3-3163AE8A9FB6}.Debug|x86.Build.0 = Debug|Win32
		{CEA49CC1-642E-4A31-86D3-3163AE8A9FB6}.Release|x64.ActiveCfg = Release|x64
		{CEA49CC1-642E-4A31-86D3-3163AE8A9FB6}.Release|x64.Build.0 = Release|x64
		{CEA49CC1-642E-4A31-86D3-3163AE8A9FB6}.Release|x86.ActiveCfg = Release|Win32
		{CEA49CC1-642E-4A31-86D3-3163AE8A9FB6}.Release|x86.Build.0 = Release|Win32
	EndGlobalSection
	GlobalSection(SolutionProperties) = preSolution
		HideSolutionNode = FALSE
	EndGlobalSection
	GlobalSection(ExtensibilityGlobals) = postSolution
		SolutionGuid = {04089AD9-08D8-4C43-9D12-7BAADE1D5B7F}
	EndGlobalSection
EndGlobal
